
Microsoft Visual Studio Solution File, Format Version 12.00
# Visual Studio 15
VisualStudioVersion = 15.0.27004.2005
MinimumVisualStudioVersion = 10.0.40219.1
Project("{FAE04EC0-301F-11D3-BF4B-00C04F79EFBC}") = "SF-30-2016", "pop-sf30-2016\SF-30-2016.csproj", "{98B8977C-DA04-4A29-BC5A-788B3C846ECF}"
EndProject
Global
	GlobalSection(SolutionConfigurationPlatforms) = preSolution
		Debug|Any CPU = Debug|Any CPU
		Release|Any CPU = Release|Any CPU
	EndGlobalSection
	GlobalSection(ProjectConfigurationPlatforms) = postSolution
		{98B8977C-DA04-4A29-BC5A-788B3C846ECF}.Debug|Any CPU.ActiveCfg = Debug|Any CPU
		{98B8977C-DA04-4A29-BC5A-788B3C846ECF}.Debug|Any CPU.Build.0 = Debug|Any CPU
		{98B8977C-DA04-4A29-BC5A-788B3C846ECF}.Release|Any CPU.ActiveCfg = Release|Any CPU
		{98B8977C-DA04-4A29-BC5A-788B3C846ECF}.Release|Any CPU.Build.0 = Release|Any CPU
	EndGlobalSection
	GlobalSection(SolutionProperties) = preSolution
		HideSolutionNode = FALSE
	EndGlobalSection
	GlobalSection(ExtensibilityGlobals) = postSolution
		SolutionGuid = {45E26146-A786-4ACF-8490-2BCB48709541}
	EndGlobalSection
EndGlobal
